
Microsoft Visual Studio Solution File, Format Version 12.00
# Visual Studio 15
VisualStudioVersion = 15.0.27004.2010
MinimumVisualStudioVersion = 10.0.40219.1
Project("{FAE04EC0-301F-11D3-BF4B-00C04F79EFBC}") = "Audio_Player", "Audio_Player\Audio_Player.csproj", "{AACCFF04-7FAA-4FB5-AC51-816FD8032266}"
EndProject
Project("{FAE04EC0-301F-11D3-BF4B-00C04F79EFBC}") = "AudioPlayer2", "AudioPlayer2\AudioPlayer2.csproj", "{CC50A544-18DB-4AA4-85F9-56AFF91FF551}"
EndProject
Project("{FAE04EC0-301F-11D3-BF4B-00C04F79EFBC}") = "AudioPlayer2.Tests", "AudioPlayer2.Tests\AudioPlayer2.Tests.csproj", "{783E765A-D9E2-44FB-860A-A3DEB63A5D4C}"
EndProject
Project("{FAE04EC0-301F-11D3-BF4B-00C04F79EFBC}") = "AudioPlayer2.Models", "AudioPlayer2.Models\AudioPlayer2.Models.csproj", "{E9294573-313A-4A77-BF96-5A31EAD6542F}"
EndProject
Global
	GlobalSection(SolutionConfigurationPlatforms) = preSolution
		Debug|Any CPU = Debug|Any CPU
		Debug|x86 = Debug|x86
		Release|Any CPU = Release|Any CPU
		Release|x86 = Release|x86
	EndGlobalSection
	GlobalSection(ProjectConfigurationPlatforms) = postSolution
		{AACCFF04-7FAA-4FB5-AC51-816FD8032266}.Debug|Any CPU.ActiveCfg = Debug|x86
		{AACCFF04-7FAA-4FB5-AC51-816FD8032266}.Debug|x86.ActiveCfg = Debug|x86
		{AACCFF04-7FAA-4FB5-AC51-816FD8032266}.Debug|x86.Build.0 = Debug|x86
		{AACCFF04-7FAA-4FB5-AC51-816FD8032266}.Release|Any CPU.ActiveCfg = Release|x86
		{AACCFF04-7FAA-4FB5-AC51-816FD8032266}.Release|x86.ActiveCfg = Release|x86
		{AACCFF04-7FAA-4FB5-AC51-816FD8032266}.Release|x86.Build.0 = Release|x86
		{CC50A544-18DB-4AA4-85F9-56AFF91FF551}.Debug|Any CPU.ActiveCfg = Debug|Any CPU
		{CC50A544-18DB-4AA4-85F9-56AFF91FF551}.Debug|Any CPU.Build.0 = Debug|Any CPU
		{CC50A544-18DB-4AA4-85F9-56AFF91FF551}.Debug|x86.ActiveCfg = Debug|Any CPU
		{CC50A544-18DB-4AA4-85F9-56AFF91FF551}.Debug|x86.Build.0 = Debug|Any CPU
		{CC50A544-18DB-4AA4-85F9-56AFF91FF551}.Release|Any CPU.ActiveCfg = Release|Any CPU
		{CC50A544-18DB-4AA4-85F9-56AFF91FF551}.Release|Any CPU.Build.0 = Release|Any CPU
		{CC50A544-18DB-4AA4-85F9-56AFF91FF551}.Release|x86.ActiveCfg = Release|Any CPU
		{CC50A544-18DB-4AA4-85F9-56AFF91FF551}.Release|x86.Build.0 = Release|Any CPU
		{783E765A-D9E2-44FB-860A-A3DEB63A5D4C}.Debug|Any CPU.ActiveCfg = Debug|Any CPU
		{783E765A-D9E2-44FB-860A-A3DEB63A5D4C}.Debug|Any CPU.Build.0 = Debug|Any CPU
		{783E765A-D9E2-44FB-860A-A3DEB63A5D4C}.Debug|x86.ActiveCfg = Debug|Any CPU
		{783E765A-D9E2-44FB-860A-A3DEB63A5D4C}.Debug|x86.Build.0 = Debug|Any CPU
		{783E765A-D9E2-44FB-860A-A3DEB63A5D4C}.Release|Any CPU.ActiveCfg = Release|Any CPU
		{783E765A-D9E2-44FB-860A-A3DEB63A5D4C}.Release|Any CPU.Build.0 = Release|Any CPU
		{783E765A-D9E2-44FB-860A-A3DEB63A5D4C}.Release|x86.ActiveCfg = Release|Any CPU
		{783E765A-D9E2-44FB-860A-A3DEB63A5D4C}.Release|x86.Build.0 = Release|Any CPU
		{E9294573-313A-4A77-BF96-5A31EAD6542F}.Debug|Any CPU.ActiveCfg = Debug|Any CPU
		{E9294573-313A-4A77-BF96-5A31EAD6542F}.Debug|Any CPU.Build.0 = Debug|Any CPU
		{E9294573-313A-4A77-BF96-5A31EAD6542F}.Debug|x86.ActiveCfg = Debug|Any CPU
		{E9294573-313A-4A77-BF96-5A31EAD6542F}.Debug|x86.Build.0 = Debug|Any CPU
		{E9294573-313A-4A77-BF96-5A31EAD6542F}.Release|Any CPU.ActiveCfg = Release|Any CPU
		{E9294573-313A-4A77-BF96-5A31EAD6542F}.Release|Any CPU.Build.0 = Release|Any CPU
		{E9294573-313A-4A77-BF96-5A31EAD6542F}.Release|x86.ActiveCfg = Release|Any CPU
		{E9294573-313A-4A77-BF96-5A31EAD6542F}.Release|x86.Build.0 = Release|Any CPU
	EndGlobalSection
	GlobalSection(SolutionProperties) = preSolution
		HideSolutionNode = FALSE
	EndGlobalSection
	GlobalSection(ExtensibilityGlobals) = postSolution
		SolutionGuid = {B1C4393A-2A9D-41AA-9305-47DCE868E2F9}
	EndGlobalSection
EndGlobal
